// !$*UTF8*$!
{
	archiveVersion = 1;
	classes = {
	};
	objectVersion = 46;
	objects = {

/* Begin PBXBuildFile section */
		56BC11D51B17530A00A4F29A /* AppDelegate.swift in Sources */ = {isa = PBXBuildFile; fileRef = 56BC11D41B17530A00A4F29A /* AppDelegate.swift */; };
		56BC11D71B17530A00A4F29A /* ViewController.swift in Sources */ = {isa = PBXBuildFile; fileRef = 56BC11D61B17530A00A4F29A /* ViewController.swift */; };
		56BC11DA1B17530A00A4F29A /* Main.storyboard in Resources */ = {isa = PBXBuildFile; fileRef = 56BC11D81B17530A00A4F29A /* Main.storyboard */; };
		56BC11DC1B17530A00A4F29A /* Images.xcassets in Resources */ = {isa = PBXBuildFile; fileRef = 56BC11DB1B17530A00A4F29A /* Images.xcassets */; };
		56BC11DF1B17530A00A4F29A /* LaunchScreen.xib in Resources */ = {isa = PBXBuildFile; fileRef = 56BC11DD1B17530A00A4F29A /* LaunchScreen.xib */; };
		56BC11EB1B17530A00A4F29A /* UnimodeloTests.swift in Sources */ = {isa = PBXBuildFile; fileRef = 56BC11EA1B17530A00A4F29A /* UnimodeloTests.swift */; };
/* End PBXBuildFile section */

/* Begin PBXContainerItemProxy section */
		56BC11E51B17530A00A4F29A /* PBXContainerItemProxy */ = {
			isa = PBXContainerItemProxy;
			containerPortal = 56BC11C71B17530A00A4F29A /* Project object */;
			proxyType = 1;
			remoteGlobalIDString = 56BC11CE1B17530A00A4F29A;
			remoteInfo = Unimodelo;
		};
/* End PBXContainerItemProxy section */

/* Begin PBXFileReference section */
		56BC11CF1B17530A00A4F29A /* Unimodelo.app */ = {isa = PBXFileReference; explicitFileType = wrapper.application; includeInIndex = 0; path = Unimodelo.app; sourceTree = BUILT_PRODUCTS_DIR; };
		56BC11D31B17530A00A4F29A /* Info.plist */ = {isa = PBXFileReference; lastKnownFileType = text.plist.xml; path = Info.plist; sourceTree = "<group>"; };
		56BC11D41B17530A00A4F29A /* AppDelegate.swift */ = {isa = PBXFileReference; lastKnownFileType = sourcecode.swift; path = AppDelegate.swift; sourceTree = "<group>"; };
		56BC11D61B17530A00A4F29A /* ViewController.swift */ = {isa = PBXFileReference; lastKnownFileType = sourcecode.swift; path = ViewController.swift; sourceTree = "<group>"; };
		56BC11D91B17530A00A4F29A /* Base */ = {isa = PBXFileReference; lastKnownFileType = file.storyboard; name = Base; path = Base.lproj/Main.storyboard; sourceTree = "<group>"; };
		56BC11DB1B17530A00A4F29A /* Images.xcassets */ = {isa = PBXFileReference; lastKnownFileType = folder.assetcatalog; path = Images.xcassets; sourceTree = "<group>"; };
		56BC11DE1B17530A00A4F29A /* Base */ = {isa = PBXFileReference; lastKnownFileType = file.xib; name = Base; path = Base.lproj/LaunchScreen.xib; sourceTree = "<group>"; };
		56BC11E41B17530A00A4F29A /* UnimodeloTests.xctest */ = {isa = PBXFileReference; explicitFileType = wrapper.cfbundle; includeInIndex = 0; path = UnimodeloTests.xctest; sourceTree = BUILT_PRODUCTS_DIR; };
		56BC11E91B17530A00A4F29A /* Info.plist */ = {isa = PBXFileReference; lastKnownFileType = text.plist.xml; path = Info.plist; sourceTree = "<group>"; };
		56BC11EA1B17530A00A4F29A /* UnimodeloTests.swift */ = {isa = PBXFileReference; lastKnownFileType = sourcecode.swift; path = UnimodeloTests.swift; sourceTree = "<group>"; };
/* End PBXFileReference section */

/* Begin PBXFrameworksBuildPhase section */
		56BC11CC1B17530A00A4F29A /* Frameworks */ = {
			isa = PBXFrameworksBuildPhase;
			buildActionMask = 2147483647;
			files = (
			);
			runOnlyForDeploymentPostprocessing = 0;
		};
		56BC11E11B17530A00A4F29A /* Frameworks */ = {
			isa = PBXFrameworksBuildPhase;
			buildActionMask = 2147483647;
			files = (
			);
			runOnlyForDeploymentPostprocessing = 0;
		};
/* End PBXFrameworksBuildPhase section */

/* Begin PBXGroup section */
		56BC11C61B17530A00A4F29A = {
			isa = PBXGroup;
			children = (
				56BC11D11B17530A00A4F29A /* Unimodelo */,
				56BC11E71B17530A00A4F29A /* UnimodeloTests */,
				56BC11D01B17530A00A4F29A /* Products */,
			);
			sourceTree = "<group>";
		};
		56BC11D01B17530A00A4F29A /* Products */ = {
			isa = PBXGroup;
			children = (
				56BC11CF1B17530A00A4F29A /* Unimodelo.app */,
				56BC11E41B17530A00A4F29A /* UnimodeloTests.xctest */,
			);
			name = Products;
			sourceTree = "<group>";
		};
		56BC11D11B17530A00A4F29A /* Unimodelo */ = {
			isa = PBXGroup;
			children = (
				56BC11D41B17530A00A4F29A /* AppDelegate.swift */,
				56BC11D61B17530A00A4F29A /* ViewController.swift */,
				56BC11D81B17530A00A4F29A /* Main.storyboard */,
				56BC11DB1B17530A00A4F29A /* Images.xcassets */,
				56BC11DD1B17530A00A4F29A /* LaunchScreen.xib */,
				56BC11D21B17530A00A4F29A /* Supporting Files */,
			);
			path = Unimodelo;
			sourceTree = "<group>";
		};
		56BC11D21B17530A00A4F29A /* Supporting Files */ = {
			isa = PBXGroup;
			children = (
				56BC11D31B17530A00A4F29A /* Info.plist */,
			);
			name = "Supporting Files";
			sourceTree = "<group>";
		};
		56BC11E71B17530A00A4F29A /* UnimodeloTests */ = {
			isa = PBXGroup;
			children = (
				56BC11EA1B17530A00A4F29A /* UnimodeloTests.swift */,
				56BC11E81B17530A00A4F29A /* Supporting Files */,
			);
			path = UnimodeloTests;
			sourceTree = "<group>";
		};
		56BC11E81B17530A00A4F29A /* Supporting Files */ = {
			isa = PBXGroup;
			children = (
				56BC11E91B17530A00A4F29A /* Info.plist */,
			);
			name = "Supporting Files";
			sourceTree = "<group>";
		};
/* End PBXGroup section */

/* Begin PBXNativeTarget section */
		56BC11CE1B17530A00A4F29A /* Unimodelo */ = {
			isa = PBXNativeTarget;
			buildConfigurationList = 56BC11EE1B17530A00A4F29A /* Build configuration list for PBXNativeTarget "Unimodelo" */;
			buildPhases = (
				56BC11CB1B17530A00A4F29A /* Sources */,
				56BC11CC1B17530A00A4F29A /* Frameworks */,
				56BC11CD1B17530A00A4F29A /* Resources */,
			);
			buildRules = (
			);
			dependencies = (
			);
			name = Unimodelo;
			productName = Unimodelo;
			productReference = 56BC11CF1B17530A00A4F29A /* Unimodelo.app */;
			productType = "com.apple.product-type.application";
		};
		56BC11E31B17530A00A4F29A /* UnimodeloTests */ = {
			isa = PBXNativeTarget;
			buildConfigurationList = 56BC11F11B17530A00A4F29A /* Build configuration list for PBXNativeTarget "UnimodeloTests" */;
			buildPhases = (
				56BC11E01B17530A00A4F29A /* Sources */,
				56BC11E11B17530A00A4F29A /* Frameworks */,
				56BC11E21B17530A00A4F29A /* Resources */,
			);
			buildRules = (
			);
			dependencies = (
				56BC11E61B17530A00A4F29A /* PBXTargetDependency */,
			);
			name = UnimodeloTests;
			productName = UnimodeloTests;
			productReference = 56BC11E41B17530A00A4F29A /* UnimodeloTests.xctest */;
			productType = "com.apple.product-type.bundle.unit-test";
		};
/* End PBXNativeTarget section */

/* Begin PBXProject section */
		56BC11C71B17530A00A4F29A /* Project object */ = {
			isa = PBXProject;
			attributes = {
				LastUpgradeCheck = 0630;
				ORGANIZATIONNAME = Unimodelo;
				TargetAttributes = {
					56BC11CE1B17530A00A4F29A = {
						CreatedOnToolsVersion = 6.3.2;
					};
					56BC11E31B17530A00A4F29A = {
						CreatedOnToolsVersion = 6.3.2;
						TestTargetID = 56BC11CE1B17530A00A4F29A;
					};
				};
			};
			buildConfigurationList = 56BC11CA1B17530A00A4F29A /* Build configuration list for PBXProject "Unimodelo" */;
			compatibilityVersion = "Xcode 3.2";
			developmentRegion = English;
			hasScannedForEncodings = 0;
			knownRegions = (
				en,
				Base,
			);
			mainGroup = 56BC11C61B17530A00A4F29A;
			productRefGroup = 56BC11D01B17530A00A4F29A /* Products */;
			projectDirPath = "";
			projectRoot = "";
			targets = (
				56BC11CE1B17530A00A4F29A /* Unimodelo */,
				56BC11E31B17530A00A4F29A /* UnimodeloTests */,
			);
		};
/* End PBXProject section */

/* Begin PBXResourcesBuildPhase section */
		56BC11CD1B17530A00A4F29A /* Resources */ = {
			isa = PBXResourcesBuildPhase;
			buildActionMask = 2147483647;
			files = (
				56BC11DA1B17530A00A4F29A /* Main.storyboard in Resources */,
				56BC11DF1B17530A00A4F29A /* LaunchScreen.xib in Resources */,
				56BC11DC1B17530A00A4F29A /* Images.xcassets in Resources */,
			);
			runOnlyForDeploymentPostprocessing = 0;
		};
		56BC11E21B17530A00A4F29A /* Resources */ = {
			isa = PBXResourcesBuildPhase;
			buildActionMask = 2147483647;
			files = (
			);
			runOnlyForDeploymentPostprocessing = 0;
		};
/* End PBXResourcesBuildPhase section */

/* Begin PBXSourcesBuildPhase section */
		56BC11CB1B17530A00A4F29A /* Sources */ = {
			isa = PBXSourcesBuildPhase;
			buildActionMask = 2147483647;
			files = (
				56BC11D71B17530A00A4F29A /* ViewController.swift in Sources */,
				56BC11D51B17530A00A4F29A /* AppDelegate.swift in Sources */,
			);
			runOnlyForDeploymentPostprocessing = 0;
		};
		56BC11E01B17530A00A4F29A /* Sources */ = {
			isa = PBXSourcesBuildPhase;
			buildActionMask = 2147483647;
			files = (
				56BC11EB1B17530A00A4F29A /* UnimodeloTests.swift in Sources */,
			);
			runOnlyForDeploymentPostprocessing = 0;
		};
/* End PBXSourcesBuildPhase section */

/* Begin PBXTargetDependency section */
		56BC11E61B17530A00A4F29A /* PBXTargetDependency */ = {
			isa = PBXTargetDependency;
			target = 56BC11CE1B17530A00A4F29A /* Unimodelo */;
			targetProxy = 56BC11E51B17530A00A4F29A /* PBXContainerItemProxy */;
		};
/* End PBXTargetDependency section */

/* Begin PBXVariantGroup section */
		56BC11D81B17530A00A4F29A /* Main.storyboard */ = {
			isa = PBXVariantGroup;
			children = (
				56BC11D91B17530A00A4F29A /* Base */,
			);
			name = Main.storyboard;
			sourceTree = "<group>";
		};
		56BC11DD1B17530A00A4F29A /* LaunchScreen.xib */ = {
			isa = PBXVariantGroup;
			children = (
				56BC11DE1B17530A00A4F29A /* Base */,
			);
			name = LaunchScreen.xib;
			sourceTree = "<group>";
		};
/* End PBXVariantGroup section */

/* Begin XCBuildConfiguration section */
		56BC11EC1B17530A00A4F29A /* Debug */ = {
			isa = XCBuildConfiguration;
			buildSettings = {
				ALWAYS_SEARCH_USER_PATHS = NO;
				CLANG_CXX_LANGUAGE_STANDARD = "gnu++0x";
				CLANG_CXX_LIBRARY = "libc++";
				CLANG_ENABLE_MODULES = YES;
				CLANG_ENABLE_OBJC_ARC = YES;
				CLANG_WARN_BOOL_CONVERSION = YES;
				CLANG_WARN_CONSTANT_CONVERSION = YES;
				CLANG_WARN_DIRECT_OBJC_ISA_USAGE = YES_ERROR;
				CLANG_WARN_EMPTY_BODY = YES;
				CLANG_WARN_ENUM_CONVERSION = YES;
				CLANG_WARN_INT_CONVERSION = YES;
				CLANG_WARN_OBJC_ROOT_CLASS = YES_ERROR;
				CLANG_WARN_UNREACHABLE_CODE = YES;
				CLANG_WARN__DUPLICATE_METHOD_MATCH = YES;
				"CODE_SIGN_IDENTITY[sdk=iphoneos*]" = "iPhone Developer";
				COPY_PHASE_STRIP = NO;
				DEBUG_INFORMATION_FORMAT = "dwarf-with-dsym";
				ENABLE_STRICT_OBJC_MSGSEND = YES;
				GCC_C_LANGUAGE_STANDARD = gnu99;
				GCC_DYNAMIC_NO_PIC = NO;
				GCC_NO_COMMON_BLOCKS = YES;
				GCC_OPTIMIZATION_LEVEL = 0;
				GCC_PREPROCESSOR_DEFINITIONS = (
					"DEBUG=1",
					"$(inherited)",
				);
				GCC_SYMBOLS_PRIVATE_EXTERN = NO;
				GCC_WARN_64_TO_32_BIT_CONVERSION = YES;
				GCC_WARN_ABOUT_RETURN_TYPE = YES_ERROR;
				GCC_WARN_UNDECLARED_SELECTOR = YES;
				GCC_WARN_UNINITIALIZED_AUTOS = YES_AGGRESSIVE;
				GCC_WARN_UNUSED_FUNCTION = YES;
				GCC_WARN_UNUSED_VARIABLE = YES;
				IPHONEOS_DEPLOYMENT_TARGET = 8.3;
				MTL_ENABLE_DEBUG_INFO = YES;
				ONLY_ACTIVE_ARCH = YES;
				SDKROOT = iphoneos;
				SWIFT_OPTIMIZATION_LEVEL = "-Onone";
				TARGETED_DEVICE_FAMILY = "1,2";
			};
			name = Debug;
		};
		56BC11ED1B17530A00A4F29A /* Release */ = {
			isa = XCBuildConfiguration;
			buildSettings = {
				ALWAYS_SEARCH_USER_PATHS = NO;
				CLANG_CXX_LANGUAGE_STANDARD = "gnu++0x";
				CLANG_CXX_LIBRARY = "libc++";
				CLANG_ENABLE_MODULES = YES;
				CLANG_ENABLE_OBJC_ARC = YES;
				CLANG_WARN_BOOL_CONVERSION = YES;
				CLANG_WARN_CONSTANT_CONVERSION = YES;
				CLANG_WARN_DIRECT_OBJC_ISA_USAGE = YES_ERROR;
				CLANG_WARN_EMPTY_BODY = YES;
				CLANG_WARN_ENUM_CONVERSION = YES;
				CLANG_WARN_INT_CONVERSION = YES;
				CLANG_WARN_OBJC_ROOT_CLASS = YES_ERROR;
				CLANG_WARN_UNREACHABLE_CODE = YES;
				CLANG_WARN__DUPLICATE_METHOD_MATCH = YES;
				"CODE_SIGN_IDENTITY[sdk=iphoneos*]" = "iPhone Developer";
				COPY_PHASE_STRIP = NO;
				DEBUG_INFORMATION_FORMAT = "dwarf-with-dsym";
				ENABLE_NS_ASSERTIONS = NO;
				ENABLE_STRICT_OBJC_MSGSEND = YES;
				GCC_C_LANGUAGE_STANDARD = gnu99;
				GCC_NO_COMMON_BLOCKS = YES;
				GCC_WARN_64_TO_32_BIT_CONVERSION = YES;
				GCC_WARN_ABOUT_RETURN_TYPE = YES_ERROR;
				GCC_WARN_UNDECLARED_SELECTOR = YES;
				GCC_WARN_UNINITIALIZED_AUTOS = YES_AGGRESSIVE;
				GCC_WARN_UNUSED_FUNCTION = YES;
				GCC_WARN_UNUSED_VARIABLE = YES;
				IPHONEOS_DEPLOYMENT_TARGET = 8.3;
				MTL_ENABLE_DEBUG_INFO = NO;
				SDKROOT = iphoneos;
				TARGETED_DEVICE_FAMILY = "1,2";
				VALIDATE_PRODUCT = YES;
			};
			name = Release;
		};
		56BC11EF1B17530A00A4F29A /* Debug */ = {
			isa = XCBuildConfiguration;
			buildSettings = {
				ASSETCATALOG_COMPILER_APPICON_NAME = AppIcon;
				INFOPLIST_FILE = Unimodelo/Info.plist;
				LD_RUNPATH_SEARCH_PATHS = "$(inherited) @executable_path/Frameworks";
				PRODUCT_NAME = "$(TARGET_NAME)";
			};
			name = Debug;
		};
		56BC11F01B17530A00A4F29A /* Release */ = {
			isa = XCBuildConfiguration;
			buildSettings = {
				ASSETCATALOG_COMPILER_APPICON_NAME = AppIcon;
				INFOPLIST_FILE = Unimodelo/Info.plist;
				LD_RUNPATH_SEARCH_PATHS = "$(inherited) @executable_path/Frameworks";
				PRODUCT_NAME = "$(TARGET_NAME)";
			};
			name = Release;
		};
		56BC11F21B17530A00A4F29A /* Debug */ = {
			isa = XCBuildConfiguration;
			buildSettings = {
				BUNDLE_LOADER = "$(TEST_HOST)";
				FRAMEWORK_SEARCH_PATHS = (
					"$(SDKROOT)/Developer/Library/Frameworks",
					"$(inherited)",
				);
				GCC_PREPROCESSOR_DEFINITIONS = (
					"DEBUG=1",
					"$(inherited)",
				);
				INFOPLIST_FILE = UnimodeloTests/Info.plist;
				LD_RUNPATH_SEARCH_PATHS = "$(inherited) @executable_path/Frameworks @loader_path/Frameworks";
				PRODUCT_NAME = "$(TARGET_NAME)";
				TEST_HOST = "$(BUILT_PRODUCTS_DIR)/Unimodelo.app/Unimodelo";
			};
			name = Debug;
		};
		56BC11F31B17530A00A4F29A /* Release */ = {
			isa = XCBuildConfiguration;
			buildSettings = {
				BUNDLE_LOADER = "$(TEST_HOST)";
				FRAMEWORK_SEARCH_PATHS = (
					"$(SDKROOT)/Developer/Library/Frameworks",
					"$(inherited)",
				);
				INFOPLIST_FILE = UnimodeloTests/Info.plist;
				LD_RUNPATH_SEARCH_PATHS = "$(inherited) @executable_path/Frameworks @loader_path/Frameworks";
				PRODUCT_NAME = "$(TARGET_NAME)";
				TEST_HOST = "$(BUILT_PRODUCTS_DIR)/Unimodelo.app/Unimodelo";
			};
			name = Release;
		};
/* End XCBuildConfiguration section */

/* Begin XCConfigurationList section */
		56BC11CA1B17530A00A4F29A /* Build configuration list for PBXProject "Unimodelo" */ = {
			isa = XCConfigurationList;
			buildConfigurations = (
				56BC11EC1B17530A00A4F29A /* Debug */,
				56BC11ED1B17530A00A4F29A /* Release */,
			);
			defaultConfigurationIsVisible = 0;
			defaultConfigurationName = Release;
		};
		56BC11EE1B17530A00A4F29A /* Build configuration list for PBXNativeTarget "Unimodelo" */ = {
			isa = XCConfigurationList;
			buildConfigurations = (
				56BC11EF1B17530A00A4F29A /* Debug */,
				56BC11F01B17530A00A4F29A /* Release */,
			);
			defaultConfigurationIsVisible = 0;
		};
		56BC11F11B17530A00A4F29A /* Build configuration list for PBXNativeTarget "UnimodeloTests" */ = {
			isa = XCConfigurationList;
			buildConfigurations = (
				56BC11F21B17530A00A4F29A /* Debug */,
				56BC11F31B17530A00A4F29A /* Release */,
			);
			defaultConfigurationIsVisible = 0;
		};
/* End XCConfigurationList section */
	};
	rootObject = 56BC11C71B17530A00A4F29A /* Project object */;
}
